// !$*UTF8*$!
{
	archiveVersion = 1;
	classes = {
	};
	objectVersion = 55;
	objects = {

/* Begin PBXBuildFile section */
		BD6D2E35270BCC5C006BAE1F /* firstAppApp.swift in Sources */ = {isa = PBXBuildFile; fileRef = BD6D2E34270BCC5C006BAE1F /* firstAppApp.swift */; };
		BD6D2E37270BCC5C006BAE1F /* ContentView.swift in Sources */ = {isa = PBXBuildFile; fileRef = BD6D2E36270BCC5C006BAE1F /* ContentView.swift */; };
		BD6D2E39270BCC5F006BAE1F /* Assets.xcassets in Resources */ = {isa = PBXBuildFile; fileRef = BD6D2E38270BCC5F006BAE1F /* Assets.xcassets */; };
		BD6D2E3C270BCC5F006BAE1F /* Preview Assets.xcassets in Resources */ = {isa = PBXBuildFile; fileRef = BD6D2E3B270BCC5F006BAE1F /* Preview Assets.xcassets */; };
		BD6D2E44270D25FB006BAE1F /* tips.json in Resources */ = {isa = PBXBuildFile; fileRef = BD6D2E42270D25FB006BAE1F /* tips.json */; };
		BD6D2E45270D25FB006BAE1F /* locations.json in Resources */ = {isa = PBXBuildFile; fileRef = BD6D2E43270D25FB006BAE1F /* locations.json */; };
		BD6D2E47270E5A60006BAE1F /* Location.swift in Sources */ = {isa = PBXBuildFile; fileRef = BD6D2E46270E5A5F006BAE1F /* Location.swift */; };
		BD6D2E49270E6346006BAE1F /* Locations.swift in Sources */ = {isa = PBXBuildFile; fileRef = BD6D2E48270E6346006BAE1F /* Locations.swift */; };
		BD6D2E4D270E8456006BAE1F /* WorldView.swift in Sources */ = {isa = PBXBuildFile; fileRef = BD6D2E4C270E8456006BAE1F /* WorldView.swift */; };
		BD6D2E4F270E9489006BAE1F /* Tip.swift in Sources */ = {isa = PBXBuildFile; fileRef = BD6D2E4E270E9489006BAE1F /* Tip.swift */; };
		BD6D2E51270E9583006BAE1F /* TipsView.swift in Sources */ = {isa = PBXBuildFile; fileRef = BD6D2E50270E9583006BAE1F /* TipsView.swift */; };
/* End PBXBuildFile section */

/* Begin PBXFileReference section */
		BD6D2E31270BCC5C006BAE1F /* firstApp.app */ = {isa = PBXFileReference; explicitFileType = wrapper.application; includeInIndex = 0; path = firstApp.app; sourceTree = BUILT_PRODUCTS_DIR; };
		BD6D2E34270BCC5C006BAE1F /* firstAppApp.swift */ = {isa = PBXFileReference; lastKnownFileType = sourcecode.swift; path = firstAppApp.swift; sourceTree = "<group>"; };
		BD6D2E36270BCC5C006BAE1F /* ContentView.swift */ = {isa = PBXFileReference; lastKnownFileType = sourcecode.swift; path = ContentView.swift; sourceTree = "<group>"; };
		BD6D2E38270BCC5F006BAE1F /* Assets.xcassets */ = {isa = PBXFileReference; lastKnownFileType = folder.assetcatalog; path = Assets.xcassets; sourceTree = "<group>"; };
		BD6D2E3B270BCC5F006BAE1F /* Preview Assets.xcassets */ = {isa = PBXFileReference; lastKnownFileType = folder.assetcatalog; path = "Preview Assets.xcassets"; sourceTree = "<group>"; };
		BD6D2E42270D25FB006BAE1F /* tips.json */ = {isa = PBXFileReference; fileEncoding = 4; lastKnownFileType = text.json; path = tips.json; sourceTree = "<group>"; };
		BD6D2E43270D25FB006BAE1F /* locations.json */ = {isa = PBXFileReference; fileEncoding = 4; lastKnownFileType = text.json; path = locations.json; sourceTree = "<group>"; };
		BD6D2E46270E5A5F006BAE1F /* Location.swift */ = {isa = PBXFileReference; lastKnownFileType = sourcecode.swift; path = Location.swift; sourceTree = "<group>"; };
		BD6D2E48270E6346006BAE1F /* Locations.swift */ = {isa = PBXFileReference; lastKnownFileType = sourcecode.swift; path = Locations.swift; sourceTree = "<group>"; };
		BD6D2E4C270E8456006BAE1F /* WorldView.swift */ = {isa = PBXFileReference; lastKnownFileType = sourcecode.swift; path = WorldView.swift; sourceTree = "<group>"; };
		BD6D2E4E270E9489006BAE1F /* Tip.swift */ = {isa = PBXFileReference; lastKnownFileType = sourcecode.swift; path = Tip.swift; sourceTree = "<group>"; };
		BD6D2E50270E9583006BAE1F /* TipsView.swift */ = {isa = PBXFileReference; lastKnownFileType = sourcecode.swift; path = TipsView.swift; sourceTree = "<group>"; };
/* End PBXFileReference section */

/* Begin PBXFrameworksBuildPhase section */
		BD6D2E2E270BCC5C006BAE1F /* Frameworks */ = {
			isa = PBXFrameworksBuildPhase;
			buildActionMask = 2147483647;
			files = (
			);
			runOnlyForDeploymentPostprocessing = 0;
		};
/* End PBXFrameworksBuildPhase section */

/* Begin PBXGroup section */
		BD6D2E28270BCC5C006BAE1F = {
			isa = PBXGroup;
			children = (
				BD6D2E33270BCC5C006BAE1F /* firstApp */,
				BD6D2E32270BCC5C006BAE1F /* Products */,
			);
			sourceTree = "<group>";
		};
		BD6D2E32270BCC5C006BAE1F /* Products */ = {
			isa = PBXGroup;
			children = (
				BD6D2E31270BCC5C006BAE1F /* firstApp.app */,
			);
			name = Products;
			sourceTree = "<group>";
		};
		BD6D2E33270BCC5C006BAE1F /* firstApp */ = {
			isa = PBXGroup;
			children = (
				BD6D2E34270BCC5C006BAE1F /* firstAppApp.swift */,
				BD6D2E4C270E8456006BAE1F /* WorldView.swift */,
				BD6D2E4E270E9489006BAE1F /* Tip.swift */,
				BD6D2E50270E9583006BAE1F /* TipsView.swift */,
				BD6D2E36270BCC5C006BAE1F /* ContentView.swift */,
				BD6D2E38270BCC5F006BAE1F /* Assets.xcassets */,
				BD6D2E43270D25FB006BAE1F /* locations.json */,
				BD6D2E42270D25FB006BAE1F /* tips.json */,
				BD6D2E3A270BCC5F006BAE1F /* Preview Content */,
				BD6D2E46270E5A5F006BAE1F /* Location.swift */,
				BD6D2E48270E6346006BAE1F /* Locations.swift */,
			);
			path = firstApp;
			sourceTree = "<group>";
		};
		BD6D2E3A270BCC5F006BAE1F /* Preview Content */ = {
			isa = PBXGroup;
			children = (
				BD6D2E3B270BCC5F006BAE1F /* Preview Assets.xcassets */,
			);
			path = "Preview Content";
			sourceTree = "<group>";
		};
/* End PBXGroup section */

/* Begin PBXNativeTarget section */
		BD6D2E30270BCC5C006BAE1F /* firstApp */ = {
			isa = PBXNativeTarget;
			buildConfigurationList = BD6D2E3F270BCC5F006BAE1F /* Build configuration list for PBXNativeTarget "firstApp" */;
			buildPhases = (
				BD6D2E2D270BCC5C006BAE1F /* Sources */,
				BD6D2E2E270BCC5C006BAE1F /* Frameworks */,
				BD6D2E2F270BCC5C006BAE1F /* Resources */,
			);
			buildRules = (
			);
			dependencies = (
			);
			name = firstApp;
			productName = firstApp;
			productReference = BD6D2E31270BCC5C006BAE1F /* firstApp.app */;
			productType = "com.apple.product-type.application";
		};
/* End PBXNativeTarget section */

/* Begin PBXProject section */
		BD6D2E29270BCC5C006BAE1F /* Project object */ = {
			isa = PBXProject;
			attributes = {
				BuildIndependentTargetsInParallel = 1;
				LastSwiftUpdateCheck = 1300;
				LastUpgradeCheck = 1300;
				TargetAttributes = {
					BD6D2E30270BCC5C006BAE1F = {
						CreatedOnToolsVersion = 13.0;
					};
				};
			};
			buildConfigurationList = BD6D2E2C270BCC5C006BAE1F /* Build configuration list for PBXProject "firstApp" */;
			compatibilityVersion = "Xcode 13.0";
			developmentRegion = en;
			hasScannedForEncodings = 0;
			knownRegions = (
				en,
				Base,
			);
			mainGroup = BD6D2E28270BCC5C006BAE1F;
			productRefGroup = BD6D2E32270BCC5C006BAE1F /* Products */;
			projectDirPath = "";
			projectRoot = "";
			targets = (
				BD6D2E30270BCC5C006BAE1F /* firstApp */,
			);
		};
/* End PBXProject section */

/* Begin PBXResourcesBuildPhase section */
		BD6D2E2F270BCC5C006BAE1F /* Resources */ = {
			isa = PBXResourcesBuildPhase;
			buildActionMask = 2147483647;
			files = (
				BD6D2E3C270BCC5F006BAE1F /* Preview Assets.xcassets in Resources */,
				BD6D2E39270BCC5F006BAE1F /* Assets.xcassets in Resources */,
				BD6D2E45270D25FB006BAE1F /* locations.json in Resources */,
				BD6D2E44270D25FB006BAE1F /* tips.json in Resources */,
			);
			runOnlyForDeploymentPostprocessing = 0;
		};
/* End PBXResourcesBuildPhase section */

/* Begin PBXSourcesBuildPhase section */
		BD6D2E2D270BCC5C006BAE1F /* Sources */ = {
			isa = PBXSourcesBuildPhase;
			buildActionMask = 2147483647;
			files = (
				BD6D2E37270BCC5C006BAE1F /* ContentView.swift in Sources */,
				BD6D2E47270E5A60006BAE1F /* Location.swift in Sources */,
				BD6D2E4D270E8456006BAE1F /* WorldView.swift in Sources */,
				BD6D2E4F270E9489006BAE1F /* Tip.swift in Sources */,
				BD6D2E51270E9583006BAE1F /* TipsView.swift in Sources */,
				BD6D2E49270E6346006BAE1F /* Locations.swift in Sources */,
				BD6D2E35270BCC5C006BAE1F /* firstAppApp.swift in Sources */,
			);
			runOnlyForDeploymentPostprocessing = 0;
		};
/* End PBXSourcesBuildPhase section */

/* Begin XCBuildConfiguration section */
		BD6D2E3D270BCC5F006BAE1F /* Debug */ = {
			isa = XCBuildConfiguration;
			buildSettings = {
				ALWAYS_SEARCH_USER_PATHS = NO;
				CLANG_ANALYZER_NONNULL = YES;
				CLANG_ANALYZER_NUMBER_OBJECT_CONVERSION = YES_AGGRESSIVE;
				CLANG_CXX_LANGUAGE_STANDARD = "gnu++17";
				CLANG_CXX_LIBRARY = "libc++";
				CLANG_ENABLE_MODULES = YES;
				CLANG_ENABLE_OBJC_ARC = YES;
				CLANG_ENABLE_OBJC_WEAK = YES;
				CLANG_WARN_BLOCK_CAPTURE_AUTORELEASING = YES;
				CLANG_WARN_BOOL_CONVERSION = YES;
				CLANG_WARN_COMMA = YES;
				CLANG_WARN_CONSTANT_CONVERSION = YES;
				CLANG_WARN_DEPRECATED_OBJC_IMPLEMENTATIONS = YES;
				CLANG_WARN_DIRECT_OBJC_ISA_USAGE = YES_ERROR;
				CLANG_WARN_DOCUMENTATION_COMMENTS = YES;
				CLANG_WARN_EMPTY_BODY = YES;
				CLANG_WARN_ENUM_CONVERSION = YES;
				CLANG_WARN_INFINITE_RECURSION = YES;
				CLANG_WARN_INT_CONVERSION = YES;
				CLANG_WARN_NON_LITERAL_NULL_CONVERSION = YES;
				CLANG_WARN_OBJC_IMPLICIT_RETAIN_SELF = YES;
				CLANG_WARN_OBJC_LITERAL_CONVERSION = YES;
				CLANG_WARN_OBJC_ROOT_CLASS = YES_ERROR;
				CLANG_WARN_QUOTED_INCLUDE_IN_FRAMEWORK_HEADER = YES;
				CLANG_WARN_RANGE_LOOP_ANALYSIS = YES;
				CLANG_WARN_STRICT_PROTOTYPES = YES;
				CLANG_WARN_SUSPICIOUS_MOVE = YES;
				CLANG_WARN_UNGUARDED_AVAILABILITY = YES_AGGRESSIVE;
				CLANG_WARN_UNREACHABLE_CODE = YES;
				CLANG_WARN__DUPLICATE_METHOD_MATCH = YES;
				COPY_PHASE_STRIP = NO;
				DEBUG_INFORMATION_FORMAT = dwarf;
				ENABLE_STRICT_OBJC_MSGSEND = YES;
				ENABLE_TESTABILITY = YES;
				GCC_C_LANGUAGE_STANDARD = gnu11;
				GCC_DYNAMIC_NO_PIC = NO;
				GCC_NO_COMMON_BLOCKS = YES;
				GCC_OPTIMIZATION_LEVEL = 0;
				GCC_PREPROCESSOR_DEFINITIONS = (
					"DEBUG=1",
					"$(inherited)",
				);
				GCC_WARN_64_TO_32_BIT_CONVERSION = YES;
				GCC_WARN_ABOUT_RETURN_TYPE = YES_ERROR;
				GCC_WARN_UNDECLARED_SELECTOR = YES;
				GCC_WARN_UNINITIALIZED_AUTOS = YES_AGGRESSIVE;
				GCC_WARN_UNUSED_FUNCTION = YES;
				GCC_WARN_UNUSED_VARIABLE = YES;
				IPHONEOS_DEPLOYMENT_TARGET = 15.0;
				MTL_ENABLE_DEBUG_INFO = INCLUDE_SOURCE;
				MTL_FAST_MATH = YES;
				ONLY_ACTIVE_ARCH = YES;
				SDKROOT = iphoneos;
				SWIFT_ACTIVE_COMPILATION_CONDITIONS = DEBUG;
				SWIFT_OPTIMIZATION_LEVEL = "-Onone";
			};
			name = Debug;
		};
		BD6D2E3E270BCC5F006BAE1F /* Release */ = {
			isa = XCBuildConfiguration;
			buildSettings = {
				ALWAYS_SEARCH_USER_PATHS = NO;
				CLANG_ANALYZER_NONNULL = YES;
				CLANG_ANALYZER_NUMBER_OBJECT_CONVERSION = YES_AGGRESSIVE;
				CLANG_CXX_LANGUAGE_STANDARD = "gnu++17";
				CLANG_CXX_LIBRARY = "libc++";
				CLANG_ENABLE_MODULES = YES;
				CLANG_ENABLE_OBJC_ARC = YES;
				CLANG_ENABLE_OBJC_WEAK = YES;
				CLANG_WARN_BLOCK_CAPTURE_AUTORELEASING = YES;
				CLANG_WARN_BOOL_CONVERSION = YES;
				CLANG_WARN_COMMA = YES;
				CLANG_WARN_CONSTANT_CONVERSION = YES;
				CLANG_WARN_DEPRECATED_OBJC_IMPLEMENTATIONS = YES;
				CLANG_WARN_DIRECT_OBJC_ISA_USAGE = YES_ERROR;
				CLANG_WARN_DOCUMENTATION_COMMENTS = YES;
				CLANG_WARN_EMPTY_BODY = YES;
				CLANG_WARN_ENUM_CONVERSION = YES;
				CLANG_WARN_INFINITE_RECURSION = YES;
				CLANG_WARN_INT_CONVERSION = YES;
				CLANG_WARN_NON_LITERAL_NULL_CONVERSION = YES;
				CLANG_WARN_OBJC_IMPLICIT_RETAIN_SELF = YES;
				CLANG_WARN_OBJC_LITERAL_CONVERSION = YES;
				CLANG_WARN_OBJC_ROOT_CLASS = YES_ERROR;
				CLANG_WARN_QUOTED_INCLUDE_IN_FRAMEWORK_HEADER = YES;
				CLANG_WARN_RANGE_LOOP_ANALYSIS = YES;
				CLANG_WARN_STRICT_PROTOTYPES = YES;
				CLANG_WARN_SUSPICIOUS_MOVE = YES;
				CLANG_WARN_UNGUARDED_AVAILABILITY = YES_AGGRESSIVE;
				CLANG_WARN_UNREACHABLE_CODE = YES;
				CLANG_WARN__DUPLICATE_METHOD_MATCH = YES;
				COPY_PHASE_STRIP = NO;
				DEBUG_INFORMATION_FORMAT = "dwarf-with-dsym";
				ENABLE_NS_ASSERTIONS = NO;
				ENABLE_STRICT_OBJC_MSGSEND = YES;
				GCC_C_LANGUAGE_STANDARD = gnu11;
				GCC_NO_COMMON_BLOCKS = YES;
				GCC_WARN_64_TO_32_BIT_CONVERSION = YES;
				GCC_WARN_ABOUT_RETURN_TYPE = YES_ERROR;
				GCC_WARN_UNDECLARED_SELECTOR = YES;
				GCC_WARN_UNINITIALIZED_AUTOS = YES_AGGRESSIVE;
				GCC_WARN_UNUSED_FUNCTION = YES;
				GCC_WARN_UNUSED_VARIABLE = YES;
				IPHONEOS_DEPLOYMENT_TARGET = 15.0;
				MTL_ENABLE_DEBUG_INFO = NO;
				MTL_FAST_MATH = YES;
				SDKROOT = iphoneos;
				SWIFT_COMPILATION_MODE = wholemodule;
				SWIFT_OPTIMIZATION_LEVEL = "-O";
				VALIDATE_PRODUCT = YES;
			};
			name = Release;
		};
		BD6D2E40270BCC5F006BAE1F /* Debug */ = {
			isa = XCBuildConfiguration;
			buildSettings = {
				ASSETCATALOG_COMPILER_APPICON_NAME = AppIcon;
				ASSETCATALOG_COMPILER_GLOBAL_ACCENT_COLOR_NAME = AccentColor;
				CODE_SIGN_STYLE = Automatic;
				CURRENT_PROJECT_VERSION = 1;
				DEVELOPMENT_ASSET_PATHS = "\"firstApp/Preview Content\"";
				ENABLE_PREVIEWS = YES;
				GENERATE_INFOPLIST_FILE = YES;
				INFOPLIST_KEY_UIApplicationSceneManifest_Generation = YES;
				INFOPLIST_KEY_UIApplicationSupportsIndirectInputEvents = YES;
				INFOPLIST_KEY_UILaunchScreen_Generation = YES;
				INFOPLIST_KEY_UISupportedInterfaceOrientations_iPad = "UIInterfaceOrientationPortrait UIInterfaceOrientationPortraitUpsideDown UIInterfaceOrientationLandscapeLeft UIInterfaceOrientationLandscapeRight";
				INFOPLIST_KEY_UISupportedInterfaceOrientations_iPhone = "UIInterfaceOrientationPortrait UIInterfaceOrientationLandscapeLeft UIInterfaceOrientationLandscapeRight";
				IPHONEOS_DEPLOYMENT_TARGET = 14.0;
				LD_RUNPATH_SEARCH_PATHS = (
					"$(inherited)",
					"@executable_path/Frameworks",
				);
				MARKETING_VERSION = 1.0;
				PRODUCT_BUNDLE_IDENTIFIER = com.ikenna.firstApp;
				PRODUCT_NAME = "$(TARGET_NAME)";
				SWIFT_EMIT_LOC_STRINGS = YES;
				SWIFT_VERSION = 5.0;
				TARGETED_DEVICE_FAMILY = "1,2";
			};
			name = Debug;
		};
		BD6D2E41270BCC5F006BAE1F /* Release */ = {
			isa = XCBuildConfiguration;
			buildSettings = {
				ASSETCATALOG_COMPILER_APPICON_NAME = AppIcon;
				ASSETCATALOG_COMPILER_GLOBAL_ACCENT_COLOR_NAME = AccentColor;
				CODE_SIGN_STYLE = Automatic;
				CURRENT_PROJECT_VERSION = 1;
				DEVELOPMENT_ASSET_PATHS = "\"firstApp/Preview Content\"";
				ENABLE_PREVIEWS = YES;
				GENERATE_INFOPLIST_FILE = YES;
				INFOPLIST_KEY_UIApplicationSceneManifest_Generation = YES;
				INFOPLIST_KEY_UIApplicationSupportsIndirectInputEvents = YES;
				INFOPLIST_KEY_UILaunchScreen_Generation = YES;
				INFOPLIST_KEY_UISupportedInterfaceOrientations_iPad = "UIInterfaceOrientationPortrait UIInterfaceOrientationPortraitUpsideDown UIInterfaceOrientationLandscapeLeft UIInterfaceOrientationLandscapeRight";
				INFOPLIST_KEY_UISupportedInterfaceOrientations_iPhone = "UIInterfaceOrientationPortrait UIInterfaceOrientationLandscapeLeft UIInterfaceOrientationLandscapeRight";
				IPHONEOS_DEPLOYMENT_TARGET = 14.0;
				LD_RUNPATH_SEARCH_PATHS = (
					"$(inherited)",
					"@executable_path/Frameworks",
				);
				MARKETING_VERSION = 1.0;
				PRODUCT_BUNDLE_IDENTIFIER = com.ikenna.firstApp;
				PRODUCT_NAME = "$(TARGET_NAME)";
				SWIFT_EMIT_LOC_STRINGS = YES;
				SWIFT_VERSION = 5.0;
				TARGETED_DEVICE_FAMILY = "1,2";
			};
			name = Release;
		};
/* End XCBuildConfiguration section */

/* Begin XCConfigurationList section */
		BD6D2E2C270BCC5C006BAE1F /* Build configuration list for PBXProject "firstApp" */ = {
			isa = XCConfigurationList;
			buildConfigurations = (
				BD6D2E3D270BCC5F006BAE1F /* Debug */,
				BD6D2E3E270BCC5F006BAE1F /* Release */,
			);
			defaultConfigurationIsVisible = 0;
			defaultConfigurationName = Release;
		};
		BD6D2E3F270BCC5F006BAE1F /* Build configuration list for PBXNativeTarget "firstApp" */ = {
			isa = XCConfigurationList;
			buildConfigurations = (
				BD6D2E40270BCC5F006BAE1F /* Debug */,
				BD6D2E41270BCC5F006BAE1F /* Release */,
			);
			defaultConfigurationIsVisible = 0;
			defaultConfigurationName = Release;
		};
/* End XCConfigurationList section */
	};
	rootObject = BD6D2E29270BCC5C006BAE1F /* Project object */;
}
